// !$*UTF8*$!
{
	archiveVersion = 1;
	classes = {
	};
	objectVersion = 55;
	objects = {

/* Begin PBXBuildFile section */
		166FF12C27419B7F00A1A948 /* CryptoWatcherApp.swift in Sources */ = {isa = PBXBuildFile; fileRef = 166FF12B27419B7F00A1A948 /* CryptoWatcherApp.swift */; };
		166FF12E27419B7F00A1A948 /* MainView.swift in Sources */ = {isa = PBXBuildFile; fileRef = 166FF12D27419B7F00A1A948 /* MainView.swift */; };
		166FF13027419B8000A1A948 /* Assets.xcassets in Resources */ = {isa = PBXBuildFile; fileRef = 166FF12F27419B8000A1A948 /* Assets.xcassets */; };
		166FF13327419B8000A1A948 /* Preview Assets.xcassets in Resources */ = {isa = PBXBuildFile; fileRef = 166FF13227419B8000A1A948 /* Preview Assets.xcassets */; };
		166FF13C2741A05700A1A948 /* Coin.swift in Sources */ = {isa = PBXBuildFile; fileRef = 166FF13B2741A05700A1A948 /* Coin.swift */; };
		166FF1402741A40A00A1A948 /* CoinPrice.swift in Sources */ = {isa = PBXBuildFile; fileRef = 166FF13F2741A40A00A1A948 /* CoinPrice.swift */; };
		166FF1422741AB0F00A1A948 /* CoinSelector.swift in Sources */ = {isa = PBXBuildFile; fileRef = 166FF1412741AB0F00A1A948 /* CoinSelector.swift */; };
		166FF1442741AB5A00A1A948 /* CoinStore.swift in Sources */ = {isa = PBXBuildFile; fileRef = 166FF1432741AB5A00A1A948 /* CoinStore.swift */; };
		166FF1462741B4F100A1A948 /* CurrencySelector.swift in Sources */ = {isa = PBXBuildFile; fileRef = 166FF1452741B4F100A1A948 /* CurrencySelector.swift */; };
		166FF1482741B5E900A1A948 /* CoinPriceStore.swift in Sources */ = {isa = PBXBuildFile; fileRef = 166FF1472741B5E900A1A948 /* CoinPriceStore.swift */; };
		166FF14A2741C20F00A1A948 /* CurrencyStore.swift in Sources */ = {isa = PBXBuildFile; fileRef = 166FF1492741C20F00A1A948 /* CurrencyStore.swift */; };
		166FF14C2741C2C700A1A948 /* CoinGeckoService.swift in Sources */ = {isa = PBXBuildFile; fileRef = 166FF14B2741C2C700A1A948 /* CoinGeckoService.swift */; };
		166FF14F2741CD8100A1A948 /* Currency.swift in Sources */ = {isa = PBXBuildFile; fileRef = 166FF14E2741CD8100A1A948 /* Currency.swift */; };
/* End PBXBuildFile section */

/* Begin PBXFileReference section */
		166FF12827419B7F00A1A948 /* CryptoWatcher.app */ = {isa = PBXFileReference; explicitFileType = wrapper.application; includeInIndex = 0; path = CryptoWatcher.app; sourceTree = BUILT_PRODUCTS_DIR; };
		166FF12B27419B7F00A1A948 /* CryptoWatcherApp.swift */ = {isa = PBXFileReference; lastKnownFileType = sourcecode.swift; path = CryptoWatcherApp.swift; sourceTree = "<group>"; };
		166FF12D27419B7F00A1A948 /* MainView.swift */ = {isa = PBXFileReference; lastKnownFileType = sourcecode.swift; path = MainView.swift; sourceTree = "<group>"; };
		166FF12F27419B8000A1A948 /* Assets.xcassets */ = {isa = PBXFileReference; lastKnownFileType = folder.assetcatalog; path = Assets.xcassets; sourceTree = "<group>"; };
		166FF13227419B8000A1A948 /* Preview Assets.xcassets */ = {isa = PBXFileReference; lastKnownFileType = folder.assetcatalog; path = "Preview Assets.xcassets"; sourceTree = "<group>"; };
		166FF13B2741A05700A1A948 /* Coin.swift */ = {isa = PBXFileReference; lastKnownFileType = sourcecode.swift; path = Coin.swift; sourceTree = "<group>"; };
		166FF13F2741A40A00A1A948 /* CoinPrice.swift */ = {isa = PBXFileReference; lastKnownFileType = sourcecode.swift; path = CoinPrice.swift; sourceTree = "<group>"; };
		166FF1412741AB0F00A1A948 /* CoinSelector.swift */ = {isa = PBXFileReference; lastKnownFileType = sourcecode.swift; path = CoinSelector.swift; sourceTree = "<group>"; };
		166FF1432741AB5A00A1A948 /* CoinStore.swift */ = {isa = PBXFileReference; lastKnownFileType = sourcecode.swift; path = CoinStore.swift; sourceTree = "<group>"; };
		166FF1452741B4F100A1A948 /* CurrencySelector.swift */ = {isa = PBXFileReference; lastKnownFileType = sourcecode.swift; path = CurrencySelector.swift; sourceTree = "<group>"; };
		166FF1472741B5E900A1A948 /* CoinPriceStore.swift */ = {isa = PBXFileReference; lastKnownFileType = sourcecode.swift; path = CoinPriceStore.swift; sourceTree = "<group>"; };
		166FF1492741C20F00A1A948 /* CurrencyStore.swift */ = {isa = PBXFileReference; lastKnownFileType = sourcecode.swift; path = CurrencyStore.swift; sourceTree = "<group>"; };
		166FF14B2741C2C700A1A948 /* CoinGeckoService.swift */ = {isa = PBXFileReference; lastKnownFileType = sourcecode.swift; path = CoinGeckoService.swift; sourceTree = "<group>"; };
		166FF14E2741CD8100A1A948 /* Currency.swift */ = {isa = PBXFileReference; lastKnownFileType = sourcecode.swift; path = Currency.swift; sourceTree = "<group>"; };
/* End PBXFileReference section */

/* Begin PBXFrameworksBuildPhase section */
		166FF12527419B7F00A1A948 /* Frameworks */ = {
			isa = PBXFrameworksBuildPhase;
			buildActionMask = 2147483647;
			files = (
			);
			runOnlyForDeploymentPostprocessing = 0;
		};
/* End PBXFrameworksBuildPhase section */

/* Begin PBXGroup section */
		166FF11F27419B7F00A1A948 = {
			isa = PBXGroup;
			children = (
				166FF12A27419B7F00A1A948 /* CryptoWatcher */,
				166FF12927419B7F00A1A948 /* Products */,
			);
			sourceTree = "<group>";
		};
		166FF12927419B7F00A1A948 /* Products */ = {
			isa = PBXGroup;
			children = (
				166FF12827419B7F00A1A948 /* CryptoWatcher.app */,
			);
			name = Products;
			sourceTree = "<group>";
		};
		166FF12A27419B7F00A1A948 /* CryptoWatcher */ = {
			isa = PBXGroup;
			children = (
				166FF14D2741C2D000A1A948 /* services */,
				166FF13D2741A18D00A1A948 /* stores */,
				166FF13A27419FFE00A1A948 /* views */,
				166FF13927419FE600A1A948 /* models */,
				166FF12B27419B7F00A1A948 /* CryptoWatcherApp.swift */,
				166FF12D27419B7F00A1A948 /* MainView.swift */,
				166FF12F27419B8000A1A948 /* Assets.xcassets */,
				166FF13127419B8000A1A948 /* Preview Content */,
			);
			path = CryptoWatcher;
			sourceTree = "<group>";
		};
		166FF13127419B8000A1A948 /* Preview Content */ = {
			isa = PBXGroup;
			children = (
				166FF13227419B8000A1A948 /* Preview Assets.xcassets */,
			);
			path = "Preview Content";
			sourceTree = "<group>";
		};
		166FF13927419FE600A1A948 /* models */ = {
			isa = PBXGroup;
			children = (
				166FF13B2741A05700A1A948 /* Coin.swift */,
				166FF13F2741A40A00A1A948 /* CoinPrice.swift */,
				166FF14E2741CD8100A1A948 /* Currency.swift */,
			);
			path = models;
			sourceTree = "<group>";
		};
		166FF13A27419FFE00A1A948 /* views */ = {
			isa = PBXGroup;
			children = (
				166FF1412741AB0F00A1A948 /* CoinSelector.swift */,
				166FF1452741B4F100A1A948 /* CurrencySelector.swift */,
			);
			path = views;
			sourceTree = "<group>";
		};
		166FF13D2741A18D00A1A948 /* stores */ = {
			isa = PBXGroup;
			children = (
				166FF1432741AB5A00A1A948 /* CoinStore.swift */,
				166FF1472741B5E900A1A948 /* CoinPriceStore.swift */,
				166FF1492741C20F00A1A948 /* CurrencyStore.swift */,
			);
			path = stores;
			sourceTree = "<group>";
		};
		166FF14D2741C2D000A1A948 /* services */ = {
			isa = PBXGroup;
			children = (
				166FF14B2741C2C700A1A948 /* CoinGeckoService.swift */,
			);
			path = services;
			sourceTree = "<group>";
		};
/* End PBXGroup section */

/* Begin PBXNativeTarget section */
		166FF12727419B7F00A1A948 /* CryptoWatcher */ = {
			isa = PBXNativeTarget;
			buildConfigurationList = 166FF13627419B8000A1A948 /* Build configuration list for PBXNativeTarget "CryptoWatcher" */;
			buildPhases = (
				166FF12427419B7F00A1A948 /* Sources */,
				166FF12527419B7F00A1A948 /* Frameworks */,
				166FF12627419B7F00A1A948 /* Resources */,
			);
			buildRules = (
			);
			dependencies = (
			);
			name = CryptoWatcher;
			productName = CryptoWatcher;
			productReference = 166FF12827419B7F00A1A948 /* CryptoWatcher.app */;
			productType = "com.apple.product-type.application";
		};
/* End PBXNativeTarget section */

/* Begin PBXProject section */
		166FF12027419B7F00A1A948 /* Project object */ = {
			isa = PBXProject;
			attributes = {
				BuildIndependentTargetsInParallel = 1;
				LastSwiftUpdateCheck = 1320;
				LastUpgradeCheck = 1320;
				TargetAttributes = {
					166FF12727419B7F00A1A948 = {
						CreatedOnToolsVersion = 13.2;
					};
				};
			};
			buildConfigurationList = 166FF12327419B7F00A1A948 /* Build configuration list for PBXProject "CryptoWatcher" */;
			compatibilityVersion = "Xcode 13.0";
			developmentRegion = en;
			hasScannedForEncodings = 0;
			knownRegions = (
				en,
				Base,
			);
			mainGroup = 166FF11F27419B7F00A1A948;
			productRefGroup = 166FF12927419B7F00A1A948 /* Products */;
			projectDirPath = "";
			projectRoot = "";
			targets = (
				166FF12727419B7F00A1A948 /* CryptoWatcher */,
			);
		};
/* End PBXProject section */

/* Begin PBXResourcesBuildPhase section */
		166FF12627419B7F00A1A948 /* Resources */ = {
			isa = PBXResourcesBuildPhase;
			buildActionMask = 2147483647;
			files = (
				166FF13327419B8000A1A948 /* Preview Assets.xcassets in Resources */,
				166FF13027419B8000A1A948 /* Assets.xcassets in Resources */,
			);
			runOnlyForDeploymentPostprocessing = 0;
		};
/* End PBXResourcesBuildPhase section */

/* Begin PBXSourcesBuildPhase section */
		166FF12427419B7F00A1A948 /* Sources */ = {
			isa = PBXSourcesBuildPhase;
			buildActionMask = 2147483647;
			files = (
				166FF1482741B5E900A1A948 /* CoinPriceStore.swift in Sources */,
				166FF1442741AB5A00A1A948 /* CoinStore.swift in Sources */,
				166FF14A2741C20F00A1A948 /* CurrencyStore.swift in Sources */,
				166FF13C2741A05700A1A948 /* Coin.swift in Sources */,
				166FF1422741AB0F00A1A948 /* CoinSelector.swift in Sources */,
				166FF1462741B4F100A1A948 /* CurrencySelector.swift in Sources */,
				166FF14F2741CD8100A1A948 /* Currency.swift in Sources */,
				166FF14C2741C2C700A1A948 /* CoinGeckoService.swift in Sources */,
				166FF12E27419B7F00A1A948 /* MainView.swift in Sources */,
				166FF1402741A40A00A1A948 /* CoinPrice.swift in Sources */,
				166FF12C27419B7F00A1A948 /* CryptoWatcherApp.swift in Sources */,
			);
			runOnlyForDeploymentPostprocessing = 0;
		};
/* End PBXSourcesBuildPhase section */

/* Begin XCBuildConfiguration section */
		166FF13427419B8000A1A948 /* Debug */ = {
			isa = XCBuildConfiguration;
			buildSettings = {
				ALWAYS_SEARCH_USER_PATHS = NO;
				CLANG_ANALYZER_NONNULL = YES;
				CLANG_ANALYZER_NUMBER_OBJECT_CONVERSION = YES_AGGRESSIVE;
				CLANG_CXX_LANGUAGE_STANDARD = "gnu++17";
				CLANG_CXX_LIBRARY = "libc++";
				CLANG_ENABLE_MODULES = YES;
				CLANG_ENABLE_OBJC_ARC = YES;
				CLANG_ENABLE_OBJC_WEAK = YES;
				CLANG_WARN_BLOCK_CAPTURE_AUTORELEASING = YES;
				CLANG_WARN_BOOL_CONVERSION = YES;
				CLANG_WARN_COMMA = YES;
				CLANG_WARN_CONSTANT_CONVERSION = YES;
				CLANG_WARN_DEPRECATED_OBJC_IMPLEMENTATIONS = YES;
				CLANG_WARN_DIRECT_OBJC_ISA_USAGE = YES_ERROR;
				CLANG_WARN_DOCUMENTATION_COMMENTS = YES;
				CLANG_WARN_EMPTY_BODY = YES;
				CLANG_WARN_ENUM_CONVERSION = YES;
				CLANG_WARN_INFINITE_RECURSION = YES;
				CLANG_WARN_INT_CONVERSION = YES;
				CLANG_WARN_NON_LITERAL_NULL_CONVERSION = YES;
				CLANG_WARN_OBJC_IMPLICIT_RETAIN_SELF = YES;
				CLANG_WARN_OBJC_LITERAL_CONVERSION = YES;
				CLANG_WARN_OBJC_ROOT_CLASS = YES_ERROR;
				CLANG_WARN_QUOTED_INCLUDE_IN_FRAMEWORK_HEADER = YES;
				CLANG_WARN_RANGE_LOOP_ANALYSIS = YES;
				CLANG_WARN_STRICT_PROTOTYPES = YES;
				CLANG_WARN_SUSPICIOUS_MOVE = YES;
				CLANG_WARN_UNGUARDED_AVAILABILITY = YES_AGGRESSIVE;
				CLANG_WARN_UNREACHABLE_CODE = YES;
				CLANG_WARN__DUPLICATE_METHOD_MATCH = YES;
				COPY_PHASE_STRIP = NO;
				DEBUG_INFORMATION_FORMAT = dwarf;
				ENABLE_STRICT_OBJC_MSGSEND = YES;
				ENABLE_TESTABILITY = YES;
				GCC_C_LANGUAGE_STANDARD = gnu11;
				GCC_DYNAMIC_NO_PIC = NO;
				GCC_NO_COMMON_BLOCKS = YES;
				GCC_OPTIMIZATION_LEVEL = 0;
				GCC_PREPROCESSOR_DEFINITIONS = (
					"DEBUG=1",
					"$(inherited)",
				);
				GCC_WARN_64_TO_32_BIT_CONVERSION = YES;
				GCC_WARN_ABOUT_RETURN_TYPE = YES_ERROR;
				GCC_WARN_UNDECLARED_SELECTOR = YES;
				GCC_WARN_UNINITIALIZED_AUTOS = YES_AGGRESSIVE;
				GCC_WARN_UNUSED_FUNCTION = YES;
				GCC_WARN_UNUSED_VARIABLE = YES;
				IPHONEOS_DEPLOYMENT_TARGET = 15.2;
				MTL_ENABLE_DEBUG_INFO = INCLUDE_SOURCE;
				MTL_FAST_MATH = YES;
				ONLY_ACTIVE_ARCH = YES;
				SDKROOT = iphoneos;
				SWIFT_ACTIVE_COMPILATION_CONDITIONS = DEBUG;
				SWIFT_OPTIMIZATION_LEVEL = "-Onone";
			};
			name = Debug;
		};
		166FF13527419B8000A1A948 /* Release */ = {
			isa = XCBuildConfiguration;
			buildSettings = {
				ALWAYS_SEARCH_USER_PATHS = NO;
				CLANG_ANALYZER_NONNULL = YES;
				CLANG_ANALYZER_NUMBER_OBJECT_CONVERSION = YES_AGGRESSIVE;
				CLANG_CXX_LANGUAGE_STANDARD = "gnu++17";
				CLANG_CXX_LIBRARY = "libc++";
				CLANG_ENABLE_MODULES = YES;
				CLANG_ENABLE_OBJC_ARC = YES;
				CLANG_ENABLE_OBJC_WEAK = YES;
				CLANG_WARN_BLOCK_CAPTURE_AUTORELEASING = YES;
				CLANG_WARN_BOOL_CONVERSION = YES;
				CLANG_WARN_COMMA = YES;
				CLANG_WARN_CONSTANT_CONVERSION = YES;
				CLANG_WARN_DEPRECATED_OBJC_IMPLEMENTATIONS = YES;
				CLANG_WARN_DIRECT_OBJC_ISA_USAGE = YES_ERROR;
				CLANG_WARN_DOCUMENTATION_COMMENTS = YES;
				CLANG_WARN_EMPTY_BODY = YES;
				CLANG_WARN_ENUM_CONVERSION = YES;
				CLANG_WARN_INFINITE_RECURSION = YES;
				CLANG_WARN_INT_CONVERSION = YES;
				CLANG_WARN_NON_LITERAL_NULL_CONVERSION = YES;
				CLANG_WARN_OBJC_IMPLICIT_RETAIN_SELF = YES;
				CLANG_WARN_OBJC_LITERAL_CONVERSION = YES;
				CLANG_WARN_OBJC_ROOT_CLASS = YES_ERROR;
				CLANG_WARN_QUOTED_INCLUDE_IN_FRAMEWORK_HEADER = YES;
				CLANG_WARN_RANGE_LOOP_ANALYSIS = YES;
				CLANG_WARN_STRICT_PROTOTYPES = YES;
				CLANG_WARN_SUSPICIOUS_MOVE = YES;
				CLANG_WARN_UNGUARDED_AVAILABILITY = YES_AGGRESSIVE;
				CLANG_WARN_UNREACHABLE_CODE = YES;
				CLANG_WARN__DUPLICATE_METHOD_MATCH = YES;
				COPY_PHASE_STRIP = NO;
				DEBUG_INFORMATION_FORMAT = "dwarf-with-dsym";
				ENABLE_NS_ASSERTIONS = NO;
				ENABLE_STRICT_OBJC_MSGSEND = YES;
				GCC_C_LANGUAGE_STANDARD = gnu11;
				GCC_NO_COMMON_BLOCKS = YES;
				GCC_WARN_64_TO_32_BIT_CONVERSION = YES;
				GCC_WARN_ABOUT_RETURN_TYPE = YES_ERROR;
				GCC_WARN_UNDECLARED_SELECTOR = YES;
				GCC_WARN_UNINITIALIZED_AUTOS = YES_AGGRESSIVE;
				GCC_WARN_UNUSED_FUNCTION = YES;
				GCC_WARN_UNUSED_VARIABLE = YES;
				IPHONEOS_DEPLOYMENT_TARGET = 15.2;
				MTL_ENABLE_DEBUG_INFO = NO;
				MTL_FAST_MATH = YES;
				SDKROOT = iphoneos;
				SWIFT_COMPILATION_MODE = wholemodule;
				SWIFT_OPTIMIZATION_LEVEL = "-O";
				VALIDATE_PRODUCT = YES;
			};
			name = Release;
		};
		166FF13727419B8000A1A948 /* Debug */ = {
			isa = XCBuildConfiguration;
			buildSettings = {
				ASSETCATALOG_COMPILER_APPICON_NAME = AppIcon;
				ASSETCATALOG_COMPILER_GLOBAL_ACCENT_COLOR_NAME = AccentColor;
				CODE_SIGN_STYLE = Automatic;
				CURRENT_PROJECT_VERSION = 1;
				DEVELOPMENT_ASSET_PATHS = "\"CryptoWatcher/Preview Content\"";
				ENABLE_PREVIEWS = YES;
				GENERATE_INFOPLIST_FILE = YES;
				INFOPLIST_KEY_UIApplicationSceneManifest_Generation = YES;
				INFOPLIST_KEY_UIApplicationSupportsIndirectInputEvents = YES;
				INFOPLIST_KEY_UILaunchScreen_Generation = YES;
				INFOPLIST_KEY_UISupportedInterfaceOrientations_iPad = "UIInterfaceOrientationPortrait UIInterfaceOrientationPortraitUpsideDown UIInterfaceOrientationLandscapeLeft UIInterfaceOrientationLandscapeRight";
				INFOPLIST_KEY_UISupportedInterfaceOrientations_iPhone = "UIInterfaceOrientationPortrait UIInterfaceOrientationLandscapeLeft UIInterfaceOrientationLandscapeRight";
				LD_RUNPATH_SEARCH_PATHS = (
					"$(inherited)",
					"@executable_path/Frameworks",
				);
				MARKETING_VERSION = 1.0;
				PRODUCT_BUNDLE_IDENTIFIER = com.glinsoft.CryptoWatcher;
				PRODUCT_NAME = "$(TARGET_NAME)";
				SWIFT_EMIT_LOC_STRINGS = YES;
				SWIFT_VERSION = 5.0;
				TARGETED_DEVICE_FAMILY = "1,2";
			};
			name = Debug;
		};
		166FF13827419B8000A1A948 /* Release */ = {
			isa = XCBuildConfiguration;
			buildSettings = {
				ASSETCATALOG_COMPILER_APPICON_NAME = AppIcon;
				ASSETCATALOG_COMPILER_GLOBAL_ACCENT_COLOR_NAME = AccentColor;
				CODE_SIGN_STYLE = Automatic;
				CURRENT_PROJECT_VERSION = 1;
				DEVELOPMENT_ASSET_PATHS = "\"CryptoWatcher/Preview Content\"";
				ENABLE_PREVIEWS = YES;
				GENERATE_INFOPLIST_FILE = YES;
				INFOPLIST_KEY_UIApplicationSceneManifest_Generation = YES;
				INFOPLIST_KEY_UIApplicationSupportsIndirectInputEvents = YES;
				INFOPLIST_KEY_UILaunchScreen_Generation = YES;
				INFOPLIST_KEY_UISupportedInterfaceOrientations_iPad = "UIInterfaceOrientationPortrait UIInterfaceOrientationPortraitUpsideDown UIInterfaceOrientationLandscapeLeft UIInterfaceOrientationLandscapeRight";
				INFOPLIST_KEY_UISupportedInterfaceOrientations_iPhone = "UIInterfaceOrientationPortrait UIInterfaceOrientationLandscapeLeft UIInterfaceOrientationLandscapeRight";
				LD_RUNPATH_SEARCH_PATHS = (
					"$(inherited)",
					"@executable_path/Frameworks",
				);
				MARKETING_VERSION = 1.0;
				PRODUCT_BUNDLE_IDENTIFIER = com.glinsoft.CryptoWatcher;
				PRODUCT_NAME = "$(TARGET_NAME)";
				SWIFT_EMIT_LOC_STRINGS = YES;
				SWIFT_VERSION = 5.0;
				TARGETED_DEVICE_FAMILY = "1,2";
			};
			name = Release;
		};
/* End XCBuildConfiguration section */

/* Begin XCConfigurationList section */
		166FF12327419B7F00A1A948 /* Build configuration list for PBXProject "CryptoWatcher" */ = {
			isa = XCConfigurationList;
			buildConfigurations = (
				166FF13427419B8000A1A948 /* Debug */,
				166FF13527419B8000A1A948 /* Release */,
			);
			defaultConfigurationIsVisible = 0;
			defaultConfigurationName = Release;
		};
		166FF13627419B8000A1A948 /* Build configuration list for PBXNativeTarget "CryptoWatcher" */ = {
			isa = XCConfigurationList;
			buildConfigurations = (
				166FF13727419B8000A1A948 /* Debug */,
				166FF13827419B8000A1A948 /* Release */,
			);
			defaultConfigurationIsVisible = 0;
			defaultConfigurationName = Release;
		};
/* End XCConfigurationList section */
	};
	rootObject = 166FF12027419B7F00A1A948 /* Project object */;
}
